
Microsoft Visual Studio Solution File, Format Version 11.00
# Visual Studio 2010
Project("{FAE04EC0-301F-11D3-BF4B-00C04F79EFBC}") = "SkyDiverMainScreen", "Assembly-CSharp.csproj", "{DAB2329E-4037-AB73-FF09-E4EFDDB3E0BB}"
EndProject
Global
	GlobalSection(SolutionConfigurationPlatforms) = preSolution
		Debug|Any CPU = Debug|Any CPU
		Release|Any CPU = Release|Any CPU
	EndGlobalSection
	GlobalSection(ProjectConfigurationPlatforms) = postSolution
		{DAB2329E-4037-AB73-FF09-E4EFDDB3E0BB}.Debug|Any CPU.ActiveCfg = Debug|Any CPU
		{DAB2329E-4037-AB73-FF09-E4EFDDB3E0BB}.Debug|Any CPU.Build.0 = Debug|Any CPU
		{DAB2329E-4037-AB73-FF09-E4EFDDB3E0BB}.Release|Any CPU.ActiveCfg = Release|Any CPU
		{DAB2329E-4037-AB73-FF09-E4EFDDB3E0BB}.Release|Any CPU.Build.0 = Release|Any CPU
	EndGlobalSection
	GlobalSection(SolutionProperties) = preSolution
		HideSolutionNode = FALSE
	EndGlobalSection
	GlobalSection(MonoDevelopProperties) = preSolution
		StartupItem = Assembly-CSharp.csproj
	EndGlobalSection
EndGlobal
